// !$*UTF8*$!
{
	archiveVersion = 1;
	classes = {
	};
	objectVersion = 55;
	objects = {

/* Begin PBXBuildFile section */
		383F60768C0E509CC48FE9CE /* Pods_App.framework in Frameworks */ = {isa = PBXBuildFile; fileRef = 2266D6C8B0AA7EF461CE2A0B /* Pods_App.framework */; };
		FC0E552027D4D2AF00DA49FC /* AppDelegate.swift in Sources */ = {isa = PBXBuildFile; fileRef = FC0E551F27D4D2AF00DA49FC /* AppDelegate.swift */; };
		FC0E552227D4D2AF00DA49FC /* SceneDelegate.swift in Sources */ = {isa = PBXBuildFile; fileRef = FC0E552127D4D2AF00DA49FC /* SceneDelegate.swift */; };
		FC0E552A27D4D2AF00DA49FC /* App.xcdatamodeld in Sources */ = {isa = PBXBuildFile; fileRef = FC0E552827D4D2AF00DA49FC /* App.xcdatamodeld */; };
		FC0E552C27D4D2B000DA49FC /* Assets.xcassets in Resources */ = {isa = PBXBuildFile; fileRef = FC0E552B27D4D2B000DA49FC /* Assets.xcassets */; };
		FC0E552F27D4D2B000DA49FC /* LaunchScreen.storyboard in Resources */ = {isa = PBXBuildFile; fileRef = FC0E552D27D4D2B000DA49FC /* LaunchScreen.storyboard */; };
		FC4F689027E07A100030E4D3 /* NewsNetworkService.swift in Sources */ = {isa = PBXBuildFile; fileRef = FC4F688F27E07A100030E4D3 /* NewsNetworkService.swift */; };
		FC4F689227E07B530030E4D3 /* Article.swift in Sources */ = {isa = PBXBuildFile; fileRef = FC4F689127E07B530030E4D3 /* Article.swift */; };
		FCC99A1527DA1C3500B4EA6E /* TodayInfoCell.swift in Sources */ = {isa = PBXBuildFile; fileRef = FCC99A1327DA1C3500B4EA6E /* TodayInfoCell.swift */; };
		FCC99A1627DA1C3500B4EA6E /* TodayInfoCell.xib in Resources */ = {isa = PBXBuildFile; fileRef = FCC99A1427DA1C3500B4EA6E /* TodayInfoCell.xib */; };
		FCC99A1927DA1E1800B4EA6E /* UIView + LoadFromNib.swift in Sources */ = {isa = PBXBuildFile; fileRef = FCC99A1827DA1E1800B4EA6E /* UIView + LoadFromNib.swift */; };
		FCC99A1B27DA242700B4EA6E /* UITableView + Cell.swift in Sources */ = {isa = PBXBuildFile; fileRef = FCC99A1A27DA242700B4EA6E /* UITableView + Cell.swift */; };
		FCC99A1D27DA269700B4EA6E /* UICollectionView + Cell.swift in Sources */ = {isa = PBXBuildFile; fileRef = FCC99A1C27DA269700B4EA6E /* UICollectionView + Cell.swift */; };
		FCC99A1F27DA330A00B4EA6E /* UIView + RoundCorners.swift in Sources */ = {isa = PBXBuildFile; fileRef = FCC99A1E27DA330A00B4EA6E /* UIView + RoundCorners.swift */; };
		FCC9B0E927D5373800EAA35C /* MainVC.swift in Sources */ = {isa = PBXBuildFile; fileRef = FCC9B0E727D5373800EAA35C /* MainVC.swift */; };
		FCC9B0EA27D5373800EAA35C /* MainVC.xib in Resources */ = {isa = PBXBuildFile; fileRef = FCC9B0E827D5373800EAA35C /* MainVC.xib */; };
		FCC9B0EE27D537FE00EAA35C /* MainVCCell.swift in Sources */ = {isa = PBXBuildFile; fileRef = FCC9B0EC27D537FE00EAA35C /* MainVCCell.swift */; };
		FCC9B0EF27D537FE00EAA35C /* MainVCCell.xib in Resources */ = {isa = PBXBuildFile; fileRef = FCC9B0ED27D537FE00EAA35C /* MainVCCell.xib */; };
		FCC9B10427D53AB300EAA35C /* Poppins-BoldItalic.otf in Resources */ = {isa = PBXBuildFile; fileRef = FCC9B0F227D53AB200EAA35C /* Poppins-BoldItalic.otf */; };
		FCC9B10527D53AB300EAA35C /* Poppins-Thin.otf in Resources */ = {isa = PBXBuildFile; fileRef = FCC9B0F327D53AB200EAA35C /* Poppins-Thin.otf */; };
		FCC9B10627D53AB300EAA35C /* Poppins-ThinItalic.otf in Resources */ = {isa = PBXBuildFile; fileRef = FCC9B0F427D53AB300EAA35C /* Poppins-ThinItalic.otf */; };
		FCC9B10727D53AB300EAA35C /* Poppins-LightItalic.otf in Resources */ = {isa = PBXBuildFile; fileRef = FCC9B0F527D53AB300EAA35C /* Poppins-LightItalic.otf */; };
		FCC9B10827D53AB300EAA35C /* Poppins-MediumItalic.otf in Resources */ = {isa = PBXBuildFile; fileRef = FCC9B0F627D53AB300EAA35C /* Poppins-MediumItalic.otf */; };
		FCC9B10927D53AB300EAA35C /* Poppins-Italic.otf in Resources */ = {isa = PBXBuildFile; fileRef = FCC9B0F727D53AB300EAA35C /* Poppins-Italic.otf */; };
		FCC9B10A27D53AB300EAA35C /* Poppins-ExtraLightItalic.otf in Resources */ = {isa = PBXBuildFile; fileRef = FCC9B0F827D53AB300EAA35C /* Poppins-ExtraLightItalic.otf */; };
		FCC9B10B27D53AB300EAA35C /* Poppins-SemiBold.otf in Resources */ = {isa = PBXBuildFile; fileRef = FCC9B0F927D53AB300EAA35C /* Poppins-SemiBold.otf */; };
		FCC9B10C27D53AB300EAA35C /* Poppins-ExtraBoldItalic.otf in Resources */ = {isa = PBXBuildFile; fileRef = FCC9B0FA27D53AB300EAA35C /* Poppins-ExtraBoldItalic.otf */; };
		FCC9B10D27D53AB300EAA35C /* Poppins-Black.otf in Resources */ = {isa = PBXBuildFile; fileRef = FCC9B0FB27D53AB300EAA35C /* Poppins-Black.otf */; };
		FCC9B10E27D53AB300EAA35C /* Poppins-Light.otf in Resources */ = {isa = PBXBuildFile; fileRef = FCC9B0FC27D53AB300EAA35C /* Poppins-Light.otf */; };
		FCC9B10F27D53AB300EAA35C /* Poppins-BlackItalic.otf in Resources */ = {isa = PBXBuildFile; fileRef = FCC9B0FD27D53AB300EAA35C /* Poppins-BlackItalic.otf */; };
		FCC9B11027D53AB300EAA35C /* Poppins-ExtraLight.otf in Resources */ = {isa = PBXBuildFile; fileRef = FCC9B0FE27D53AB300EAA35C /* Poppins-ExtraLight.otf */; };
		FCC9B11127D53AB300EAA35C /* Poppins-Regular.otf in Resources */ = {isa = PBXBuildFile; fileRef = FCC9B0FF27D53AB300EAA35C /* Poppins-Regular.otf */; };
		FCC9B11227D53AB300EAA35C /* Poppins-Medium.otf in Resources */ = {isa = PBXBuildFile; fileRef = FCC9B10027D53AB300EAA35C /* Poppins-Medium.otf */; };
		FCC9B11327D53AB300EAA35C /* Poppins-ExtraBold.otf in Resources */ = {isa = PBXBuildFile; fileRef = FCC9B10127D53AB300EAA35C /* Poppins-ExtraBold.otf */; };
		FCC9B11427D53AB300EAA35C /* Poppins-Bold.otf in Resources */ = {isa = PBXBuildFile; fileRef = FCC9B10227D53AB300EAA35C /* Poppins-Bold.otf */; };
		FCC9B11527D53AB300EAA35C /* Poppins-SemiBoldItalic.otf in Resources */ = {isa = PBXBuildFile; fileRef = FCC9B10327D53AB300EAA35C /* Poppins-SemiBoldItalic.otf */; };
		FCFDFF5827DA424000488AEE /* Weather.swift in Sources */ = {isa = PBXBuildFile; fileRef = FCFDFF5727DA424000488AEE /* Weather.swift */; };
		FCFDFF5B27DA42E900488AEE /* UserLocationService.swift in Sources */ = {isa = PBXBuildFile; fileRef = FCFDFF5A27DA42E900488AEE /* UserLocationService.swift */; };
		FCFDFF5D27DB712500488AEE /* WeatherNetworkService.swift in Sources */ = {isa = PBXBuildFile; fileRef = FCFDFF5C27DB712500488AEE /* WeatherNetworkService.swift */; };
		FCFDFF5F27DB83C000488AEE /* MainVCViewModel.swift in Sources */ = {isa = PBXBuildFile; fileRef = FCFDFF5E27DB83C000488AEE /* MainVCViewModel.swift */; };
		FCFDFF6127DB906A00488AEE /* String + Capitalize.swift in Sources */ = {isa = PBXBuildFile; fileRef = FCFDFF6027DB906900488AEE /* String + Capitalize.swift */; };
		FCFDFF6327DB95A100488AEE /* ImageLoaderService.swift in Sources */ = {isa = PBXBuildFile; fileRef = FCFDFF6227DB95A100488AEE /* ImageLoaderService.swift */; };
/* End PBXBuildFile section */

/* Begin PBXFileReference section */
		0D7645DCDBBB48F9183505F3 /* Pods-App.release.xcconfig */ = {isa = PBXFileReference; includeInIndex = 1; lastKnownFileType = text.xcconfig; name = "Pods-App.release.xcconfig"; path = "Target Support Files/Pods-App/Pods-App.release.xcconfig"; sourceTree = "<group>"; };
		2266D6C8B0AA7EF461CE2A0B /* Pods_App.framework */ = {isa = PBXFileReference; explicitFileType = wrapper.framework; includeInIndex = 0; path = Pods_App.framework; sourceTree = BUILT_PRODUCTS_DIR; };
		C68521F234B4D78D27DCCE5B /* Pods-App.debug.xcconfig */ = {isa = PBXFileReference; includeInIndex = 1; lastKnownFileType = text.xcconfig; name = "Pods-App.debug.xcconfig"; path = "Target Support Files/Pods-App/Pods-App.debug.xcconfig"; sourceTree = "<group>"; };
		FC0E551C27D4D2AF00DA49FC /* App.app */ = {isa = PBXFileReference; explicitFileType = wrapper.application; includeInIndex = 0; path = App.app; sourceTree = BUILT_PRODUCTS_DIR; };
		FC0E551F27D4D2AF00DA49FC /* AppDelegate.swift */ = {isa = PBXFileReference; lastKnownFileType = sourcecode.swift; path = AppDelegate.swift; sourceTree = "<group>"; };
		FC0E552127D4D2AF00DA49FC /* SceneDelegate.swift */ = {isa = PBXFileReference; lastKnownFileType = sourcecode.swift; path = SceneDelegate.swift; sourceTree = "<group>"; };
		FC0E552927D4D2AF00DA49FC /* App.xcdatamodel */ = {isa = PBXFileReference; lastKnownFileType = wrapper.xcdatamodel; path = App.xcdatamodel; sourceTree = "<group>"; };
		FC0E552B27D4D2B000DA49FC /* Assets.xcassets */ = {isa = PBXFileReference; lastKnownFileType = folder.assetcatalog; path = Assets.xcassets; sourceTree = "<group>"; };
		FC0E552E27D4D2B000DA49FC /* Base */ = {isa = PBXFileReference; lastKnownFileType = file.storyboard; name = Base; path = Base.lproj/LaunchScreen.storyboard; sourceTree = "<group>"; };
		FC0E553027D4D2B000DA49FC /* Info.plist */ = {isa = PBXFileReference; lastKnownFileType = text.plist.xml; path = Info.plist; sourceTree = "<group>"; };
		FC4F688F27E07A100030E4D3 /* NewsNetworkService.swift */ = {isa = PBXFileReference; lastKnownFileType = sourcecode.swift; path = NewsNetworkService.swift; sourceTree = "<group>"; };
		FC4F689127E07B530030E4D3 /* Article.swift */ = {isa = PBXFileReference; lastKnownFileType = sourcecode.swift; path = Article.swift; sourceTree = "<group>"; };
		FCC99A1327DA1C3500B4EA6E /* TodayInfoCell.swift */ = {isa = PBXFileReference; lastKnownFileType = sourcecode.swift; path = TodayInfoCell.swift; sourceTree = "<group>"; };
		FCC99A1427DA1C3500B4EA6E /* TodayInfoCell.xib */ = {isa = PBXFileReference; lastKnownFileType = file.xib; path = TodayInfoCell.xib; sourceTree = "<group>"; };
		FCC99A1827DA1E1800B4EA6E /* UIView + LoadFromNib.swift */ = {isa = PBXFileReference; lastKnownFileType = sourcecode.swift; path = "UIView + LoadFromNib.swift"; sourceTree = "<group>"; };
		FCC99A1A27DA242700B4EA6E /* UITableView + Cell.swift */ = {isa = PBXFileReference; lastKnownFileType = sourcecode.swift; path = "UITableView + Cell.swift"; sourceTree = "<group>"; };
		FCC99A1C27DA269700B4EA6E /* UICollectionView + Cell.swift */ = {isa = PBXFileReference; lastKnownFileType = sourcecode.swift; path = "UICollectionView + Cell.swift"; sourceTree = "<group>"; };
		FCC99A1E27DA330A00B4EA6E /* UIView + RoundCorners.swift */ = {isa = PBXFileReference; lastKnownFileType = sourcecode.swift; path = "UIView + RoundCorners.swift"; sourceTree = "<group>"; };
		FCC9B0E727D5373800EAA35C /* MainVC.swift */ = {isa = PBXFileReference; lastKnownFileType = sourcecode.swift; path = MainVC.swift; sourceTree = "<group>"; };
		FCC9B0E827D5373800EAA35C /* MainVC.xib */ = {isa = PBXFileReference; lastKnownFileType = file.xib; path = MainVC.xib; sourceTree = "<group>"; };
		FCC9B0EC27D537FE00EAA35C /* MainVCCell.swift */ = {isa = PBXFileReference; lastKnownFileType = sourcecode.swift; path = MainVCCell.swift; sourceTree = "<group>"; };
		FCC9B0ED27D537FE00EAA35C /* MainVCCell.xib */ = {isa = PBXFileReference; lastKnownFileType = file.xib; path = MainVCCell.xib; sourceTree = "<group>"; };
		FCC9B0F227D53AB200EAA35C /* Poppins-BoldItalic.otf */ = {isa = PBXFileReference; lastKnownFileType = file; path = "Poppins-BoldItalic.otf"; sourceTree = "<group>"; };
		FCC9B0F327D53AB200EAA35C /* Poppins-Thin.otf */ = {isa = PBXFileReference; lastKnownFileType = file; path = "Poppins-Thin.otf"; sourceTree = "<group>"; };
		FCC9B0F427D53AB300EAA35C /* Poppins-ThinItalic.otf */ = {isa = PBXFileReference; lastKnownFileType = file; path = "Poppins-ThinItalic.otf"; sourceTree = "<group>"; };
		FCC9B0F527D53AB300EAA35C /* Poppins-LightItalic.otf */ = {isa = PBXFileReference; lastKnownFileType = file; path = "Poppins-LightItalic.otf"; sourceTree = "<group>"; };
		FCC9B0F627D53AB300EAA35C /* Poppins-MediumItalic.otf */ = {isa = PBXFileReference; lastKnownFileType = file; path = "Poppins-MediumItalic.otf"; sourceTree = "<group>"; };
		FCC9B0F727D53AB300EAA35C /* Poppins-Italic.otf */ = {isa = PBXFileReference; lastKnownFileType = file; path = "Poppins-Italic.otf"; sourceTree = "<group>"; };
		FCC9B0F827D53AB300EAA35C /* Poppins-ExtraLightItalic.otf */ = {isa = PBXFileReference; lastKnownFileType = file; path = "Poppins-ExtraLightItalic.otf"; sourceTree = "<group>"; };
		FCC9B0F927D53AB300EAA35C /* Poppins-SemiBold.otf */ = {isa = PBXFileReference; lastKnownFileType = file; path = "Poppins-SemiBold.otf"; sourceTree = "<group>"; };
		FCC9B0FA27D53AB300EAA35C /* Poppins-ExtraBoldItalic.otf */ = {isa = PBXFileReference; lastKnownFileType = file; path = "Poppins-ExtraBoldItalic.otf"; sourceTree = "<group>"; };
		FCC9B0FB27D53AB300EAA35C /* Poppins-Black.otf */ = {isa = PBXFileReference; lastKnownFileType = file; path = "Poppins-Black.otf"; sourceTree = "<group>"; };
		FCC9B0FC27D53AB300EAA35C /* Poppins-Light.otf */ = {isa = PBXFileReference; lastKnownFileType = file; path = "Poppins-Light.otf"; sourceTree = "<group>"; };
		FCC9B0FD27D53AB300EAA35C /* Poppins-BlackItalic.otf */ = {isa = PBXFileReference; lastKnownFileType = file; path = "Poppins-BlackItalic.otf"; sourceTree = "<group>"; };
		FCC9B0FE27D53AB300EAA35C /* Poppins-ExtraLight.otf */ = {isa = PBXFileReference; lastKnownFileType = file; path = "Poppins-ExtraLight.otf"; sourceTree = "<group>"; };
		FCC9B0FF27D53AB300EAA35C /* Poppins-Regular.otf */ = {isa = PBXFileReference; lastKnownFileType = file; path = "Poppins-Regular.otf"; sourceTree = "<group>"; };
		FCC9B10027D53AB300EAA35C /* Poppins-Medium.otf */ = {isa = PBXFileReference; lastKnownFileType = file; path = "Poppins-Medium.otf"; sourceTree = "<group>"; };
		FCC9B10127D53AB300EAA35C /* Poppins-ExtraBold.otf */ = {isa = PBXFileReference; lastKnownFileType = file; path = "Poppins-ExtraBold.otf"; sourceTree = "<group>"; };
		FCC9B10227D53AB300EAA35C /* Poppins-Bold.otf */ = {isa = PBXFileReference; lastKnownFileType = file; path = "Poppins-Bold.otf"; sourceTree = "<group>"; };
		FCC9B10327D53AB300EAA35C /* Poppins-SemiBoldItalic.otf */ = {isa = PBXFileReference; lastKnownFileType = file; path = "Poppins-SemiBoldItalic.otf"; sourceTree = "<group>"; };
		FCFDFF5727DA424000488AEE /* Weather.swift */ = {isa = PBXFileReference; lastKnownFileType = sourcecode.swift; path = Weather.swift; sourceTree = "<group>"; };
		FCFDFF5A27DA42E900488AEE /* UserLocationService.swift */ = {isa = PBXFileReference; lastKnownFileType = sourcecode.swift; path = UserLocationService.swift; sourceTree = "<group>"; };
		FCFDFF5C27DB712500488AEE /* WeatherNetworkService.swift */ = {isa = PBXFileReference; lastKnownFileType = sourcecode.swift; path = WeatherNetworkService.swift; sourceTree = "<group>"; };
		FCFDFF5E27DB83C000488AEE /* MainVCViewModel.swift */ = {isa = PBXFileReference; lastKnownFileType = sourcecode.swift; path = MainVCViewModel.swift; sourceTree = "<group>"; };
		FCFDFF6027DB906900488AEE /* String + Capitalize.swift */ = {isa = PBXFileReference; lastKnownFileType = sourcecode.swift; path = "String + Capitalize.swift"; sourceTree = "<group>"; };
		FCFDFF6227DB95A100488AEE /* ImageLoaderService.swift */ = {isa = PBXFileReference; lastKnownFileType = sourcecode.swift; path = ImageLoaderService.swift; sourceTree = "<group>"; };
/* End PBXFileReference section */

/* Begin PBXFrameworksBuildPhase section */
		FC0E551927D4D2AF00DA49FC /* Frameworks */ = {
			isa = PBXFrameworksBuildPhase;
			buildActionMask = 2147483647;
			files = (
				383F60768C0E509CC48FE9CE /* Pods_App.framework in Frameworks */,
			);
			runOnlyForDeploymentPostprocessing = 0;
		};
/* End PBXFrameworksBuildPhase section */

/* Begin PBXGroup section */
		C342F62E81D50D94CEBE302B /* Frameworks */ = {
			isa = PBXGroup;
			children = (
				2266D6C8B0AA7EF461CE2A0B /* Pods_App.framework */,
			);
			name = Frameworks;
			sourceTree = "<group>";
		};
		D64481C3F4A833D193B7F3BD /* Pods */ = {
			isa = PBXGroup;
			children = (
				C68521F234B4D78D27DCCE5B /* Pods-App.debug.xcconfig */,
				0D7645DCDBBB48F9183505F3 /* Pods-App.release.xcconfig */,
			);
			path = Pods;
			sourceTree = "<group>";
		};
		FC0E551327D4D2AF00DA49FC = {
			isa = PBXGroup;
			children = (
				FC0E551E27D4D2AF00DA49FC /* App */,
				FC0E551D27D4D2AF00DA49FC /* Products */,
				D64481C3F4A833D193B7F3BD /* Pods */,
				C342F62E81D50D94CEBE302B /* Frameworks */,
			);
			sourceTree = "<group>";
		};
		FC0E551D27D4D2AF00DA49FC /* Products */ = {
			isa = PBXGroup;
			children = (
				FC0E551C27D4D2AF00DA49FC /* App.app */,
			);
			name = Products;
			sourceTree = "<group>";
		};
		FC0E551E27D4D2AF00DA49FC /* App */ = {
			isa = PBXGroup;
			children = (
				FCFDFF5927DA42D600488AEE /* Services */,
				FCFDFF5627DA423300488AEE /* Models */,
				FCC99A1727DA1DD700B4EA6E /* Helpers */,
				FCC9B0F027D53A9800EAA35C /* Media */,
				FCC9B0E527D536ED00EAA35C /* App */,
				FCC9B0E427D536D500EAA35C /* CoreData */,
				FCC9B0E327D536CD00EAA35C /* VC's */,
				FC0E552D27D4D2B000DA49FC /* LaunchScreen.storyboard */,
				FC0E552B27D4D2B000DA49FC /* Assets.xcassets */,
				FC0E553027D4D2B000DA49FC /* Info.plist */,
			);
			path = App;
			sourceTree = "<group>";
		};
		FCC99A1127DA1BA000B4EA6E /* MainVC */ = {
			isa = PBXGroup;
			children = (
				FCC9B0EB27D537E400EAA35C /* Cell */,
				FCC9B0E727D5373800EAA35C /* MainVC.swift */,
				FCFDFF5E27DB83C000488AEE /* MainVCViewModel.swift */,
				FCC9B0E827D5373800EAA35C /* MainVC.xib */,
			);
			path = MainVC;
			sourceTree = "<group>";
		};
		FCC99A1227DA1BAD00B4EA6E /* TodayInfoCell */ = {
			isa = PBXGroup;
			children = (
				FCC99A1327DA1C3500B4EA6E /* TodayInfoCell.swift */,
				FCC99A1427DA1C3500B4EA6E /* TodayInfoCell.xib */,
			);
			path = TodayInfoCell;
			sourceTree = "<group>";
		};
		FCC99A1727DA1DD700B4EA6E /* Helpers */ = {
			isa = PBXGroup;
			children = (
				FCC99A1827DA1E1800B4EA6E /* UIView + LoadFromNib.swift */,
				FCFDFF6027DB906900488AEE /* String + Capitalize.swift */,
				FCC99A1E27DA330A00B4EA6E /* UIView + RoundCorners.swift */,
				FCC99A1A27DA242700B4EA6E /* UITableView + Cell.swift */,
				FCC99A1C27DA269700B4EA6E /* UICollectionView + Cell.swift */,
			);
			path = Helpers;
			sourceTree = "<group>";
		};
		FCC9B0E327D536CD00EAA35C /* VC's */ = {
			isa = PBXGroup;
			children = (
				FCC9B0E627D5370B00EAA35C /* MainVC */,
			);
			path = "VC's";
			sourceTree = "<group>";
		};
		FCC9B0E427D536D500EAA35C /* CoreData */ = {
			isa = PBXGroup;
			children = (
				FC0E552827D4D2AF00DA49FC /* App.xcdatamodeld */,
			);
			path = CoreData;
			sourceTree = "<group>";
		};
		FCC9B0E527D536ED00EAA35C /* App */ = {
			isa = PBXGroup;
			children = (
				FC0E551F27D4D2AF00DA49FC /* AppDelegate.swift */,
				FC0E552127D4D2AF00DA49FC /* SceneDelegate.swift */,
			);
			path = App;
			sourceTree = "<group>";
		};
		FCC9B0E627D5370B00EAA35C /* MainVC */ = {
			isa = PBXGroup;
			children = (
				FCC99A1227DA1BAD00B4EA6E /* TodayInfoCell */,
				FCC99A1127DA1BA000B4EA6E /* MainVC */,
			);
			path = MainVC;
			sourceTree = "<group>";
		};
		FCC9B0EB27D537E400EAA35C /* Cell */ = {
			isa = PBXGroup;
			children = (
				FCC9B0EC27D537FE00EAA35C /* MainVCCell.swift */,
				FCC9B0ED27D537FE00EAA35C /* MainVCCell.xib */,
			);
			path = Cell;
			sourceTree = "<group>";
		};
		FCC9B0F027D53A9800EAA35C /* Media */ = {
			isa = PBXGroup;
			children = (
				FCC9B0F127D53A9D00EAA35C /* Fonts */,
			);
			path = Media;
			sourceTree = "<group>";
		};
		FCC9B0F127D53A9D00EAA35C /* Fonts */ = {
			isa = PBXGroup;
			children = (
				FCC9B0FB27D53AB300EAA35C /* Poppins-Black.otf */,
				FCC9B0FD27D53AB300EAA35C /* Poppins-BlackItalic.otf */,
				FCC9B10227D53AB300EAA35C /* Poppins-Bold.otf */,
				FCC9B0F227D53AB200EAA35C /* Poppins-BoldItalic.otf */,
				FCC9B10127D53AB300EAA35C /* Poppins-ExtraBold.otf */,
				FCC9B0FA27D53AB300EAA35C /* Poppins-ExtraBoldItalic.otf */,
				FCC9B0FE27D53AB300EAA35C /* Poppins-ExtraLight.otf */,
				FCC9B0F827D53AB300EAA35C /* Poppins-ExtraLightItalic.otf */,
				FCC9B0F727D53AB300EAA35C /* Poppins-Italic.otf */,
				FCC9B0FC27D53AB300EAA35C /* Poppins-Light.otf */,
				FCC9B0F527D53AB300EAA35C /* Poppins-LightItalic.otf */,
				FCC9B10027D53AB300EAA35C /* Poppins-Medium.otf */,
				FCC9B0F627D53AB300EAA35C /* Poppins-MediumItalic.otf */,
				FCC9B0FF27D53AB300EAA35C /* Poppins-Regular.otf */,
				FCC9B0F927D53AB300EAA35C /* Poppins-SemiBold.otf */,
				FCC9B10327D53AB300EAA35C /* Poppins-SemiBoldItalic.otf */,
				FCC9B0F327D53AB200EAA35C /* Poppins-Thin.otf */,
				FCC9B0F427D53AB300EAA35C /* Poppins-ThinItalic.otf */,
			);
			path = Fonts;
			sourceTree = "<group>";
		};
		FCFDFF5627DA423300488AEE /* Models */ = {
			isa = PBXGroup;
			children = (
				FCFDFF5727DA424000488AEE /* Weather.swift */,
				FC4F689127E07B530030E4D3 /* Article.swift */,
			);
			path = Models;
			sourceTree = "<group>";
		};
		FCFDFF5927DA42D600488AEE /* Services */ = {
			isa = PBXGroup;
			children = (
				FCFDFF5A27DA42E900488AEE /* UserLocationService.swift */,
				FCFDFF5C27DB712500488AEE /* WeatherNetworkService.swift */,
				FC4F688F27E07A100030E4D3 /* NewsNetworkService.swift */,
				FCFDFF6227DB95A100488AEE /* ImageLoaderService.swift */,
			);
			path = Services;
			sourceTree = "<group>";
		};
/* End PBXGroup section */

/* Begin PBXNativeTarget section */
		FC0E551B27D4D2AF00DA49FC /* App */ = {
			isa = PBXNativeTarget;
			buildConfigurationList = FC0E553327D4D2B000DA49FC /* Build configuration list for PBXNativeTarget "App" */;
			buildPhases = (
				373E1B5A58E449822DE6E270 /* [CP] Check Pods Manifest.lock */,
				FC0E551827D4D2AF00DA49FC /* Sources */,
				FC0E551927D4D2AF00DA49FC /* Frameworks */,
				FC0E551A27D4D2AF00DA49FC /* Resources */,
				D94E707A5FCF9AF9D824F26D /* [CP] Embed Pods Frameworks */,
			);
			buildRules = (
			);
			dependencies = (
			);
			name = App;
			productName = App;
			productReference = FC0E551C27D4D2AF00DA49FC /* App.app */;
			productType = "com.apple.product-type.application";
		};
/* End PBXNativeTarget section */

/* Begin PBXProject section */
		FC0E551427D4D2AF00DA49FC /* Project object */ = {
			isa = PBXProject;
			attributes = {
				BuildIndependentTargetsInParallel = 1;
				LastSwiftUpdateCheck = 1320;
				LastUpgradeCheck = 1320;
				TargetAttributes = {
					FC0E551B27D4D2AF00DA49FC = {
						CreatedOnToolsVersion = 13.2.1;
					};
				};
			};
			buildConfigurationList = FC0E551727D4D2AF00DA49FC /* Build configuration list for PBXProject "App" */;
			compatibilityVersion = "Xcode 13.0";
			developmentRegion = en;
			hasScannedForEncodings = 0;
			knownRegions = (
				en,
				Base,
			);
			mainGroup = FC0E551327D4D2AF00DA49FC;
			productRefGroup = FC0E551D27D4D2AF00DA49FC /* Products */;
			projectDirPath = "";
			projectRoot = "";
			targets = (
				FC0E551B27D4D2AF00DA49FC /* App */,
			);
		};
/* End PBXProject section */

/* Begin PBXResourcesBuildPhase section */
		FC0E551A27D4D2AF00DA49FC /* Resources */ = {
			isa = PBXResourcesBuildPhase;
			buildActionMask = 2147483647;
			files = (
				FCC9B10827D53AB300EAA35C /* Poppins-MediumItalic.otf in Resources */,
				FCC9B10E27D53AB300EAA35C /* Poppins-Light.otf in Resources */,
				FCC9B11227D53AB300EAA35C /* Poppins-Medium.otf in Resources */,
				FCC9B10D27D53AB300EAA35C /* Poppins-Black.otf in Resources */,
				FCC9B0EA27D5373800EAA35C /* MainVC.xib in Resources */,
				FCC9B10627D53AB300EAA35C /* Poppins-ThinItalic.otf in Resources */,
				FCC9B10C27D53AB300EAA35C /* Poppins-ExtraBoldItalic.otf in Resources */,
				FCC9B11127D53AB300EAA35C /* Poppins-Regular.otf in Resources */,
				FCC9B10927D53AB300EAA35C /* Poppins-Italic.otf in Resources */,
				FCC9B10F27D53AB300EAA35C /* Poppins-BlackItalic.otf in Resources */,
				FCC9B10727D53AB300EAA35C /* Poppins-LightItalic.otf in Resources */,
				FCC9B11327D53AB300EAA35C /* Poppins-ExtraBold.otf in Resources */,
				FCC9B11427D53AB300EAA35C /* Poppins-Bold.otf in Resources */,
				FCC9B10A27D53AB300EAA35C /* Poppins-ExtraLightItalic.otf in Resources */,
				FCC9B11527D53AB300EAA35C /* Poppins-SemiBoldItalic.otf in Resources */,
				FCC9B11027D53AB300EAA35C /* Poppins-ExtraLight.otf in Resources */,
				FCC9B0EF27D537FE00EAA35C /* MainVCCell.xib in Resources */,
				FCC99A1627DA1C3500B4EA6E /* TodayInfoCell.xib in Resources */,
				FCC9B10527D53AB300EAA35C /* Poppins-Thin.otf in Resources */,
				FCC9B10B27D53AB300EAA35C /* Poppins-SemiBold.otf in Resources */,
				FC0E552F27D4D2B000DA49FC /* LaunchScreen.storyboard in Resources */,
				FC0E552C27D4D2B000DA49FC /* Assets.xcassets in Resources */,
				FCC9B10427D53AB300EAA35C /* Poppins-BoldItalic.otf in Resources */,
			);
			runOnlyForDeploymentPostprocessing = 0;
		};
/* End PBXResourcesBuildPhase section */

/* Begin PBXShellScriptBuildPhase section */
		373E1B5A58E449822DE6E270 /* [CP] Check Pods Manifest.lock */ = {
			isa = PBXShellScriptBuildPhase;
			buildActionMask = 2147483647;
			files = (
			);
			inputFileListPaths = (
			);
			inputPaths = (
				"${PODS_PODFILE_DIR_PATH}/Podfile.lock",
				"${PODS_ROOT}/Manifest.lock",
			);
			name = "[CP] Check Pods Manifest.lock";
			outputFileListPaths = (
			);
			outputPaths = (
				"$(DERIVED_FILE_DIR)/Pods-App-checkManifestLockResult.txt",
			);
			runOnlyForDeploymentPostprocessing = 0;
			shellPath = /bin/sh;
			shellScript = "diff \"${PODS_PODFILE_DIR_PATH}/Podfile.lock\" \"${PODS_ROOT}/Manifest.lock\" > /dev/null\nif [ $? != 0 ] ; then\n    # print error to STDERR\n    echo \"error: The sandbox is not in sync with the Podfile.lock. Run 'pod install' or update your CocoaPods installation.\" >&2\n    exit 1\nfi\n# This output is used by Xcode 'outputs' to avoid re-running this script phase.\necho \"SUCCESS\" > \"${SCRIPT_OUTPUT_FILE_0}\"\n";
			showEnvVarsInLog = 0;
		};
		D94E707A5FCF9AF9D824F26D /* [CP] Embed Pods Frameworks */ = {
			isa = PBXShellScriptBuildPhase;
			buildActionMask = 2147483647;
			files = (
			);
			inputFileListPaths = (
				"${PODS_ROOT}/Target Support Files/Pods-App/Pods-App-frameworks-${CONFIGURATION}-input-files.xcfilelist",
			);
			name = "[CP] Embed Pods Frameworks";
			outputFileListPaths = (
				"${PODS_ROOT}/Target Support Files/Pods-App/Pods-App-frameworks-${CONFIGURATION}-output-files.xcfilelist",
			);
			runOnlyForDeploymentPostprocessing = 0;
			shellPath = /bin/sh;
			shellScript = "\"${PODS_ROOT}/Target Support Files/Pods-App/Pods-App-frameworks.sh\"\n";
			showEnvVarsInLog = 0;
		};
/* End PBXShellScriptBuildPhase section */

/* Begin PBXSourcesBuildPhase section */
		FC0E551827D4D2AF00DA49FC /* Sources */ = {
			isa = PBXSourcesBuildPhase;
			buildActionMask = 2147483647;
			files = (
				FCFDFF5F27DB83C000488AEE /* MainVCViewModel.swift in Sources */,
				FC4F689027E07A100030E4D3 /* NewsNetworkService.swift in Sources */,
				FC4F689227E07B530030E4D3 /* Article.swift in Sources */,
				FC0E552A27D4D2AF00DA49FC /* App.xcdatamodeld in Sources */,
				FCC9B0EE27D537FE00EAA35C /* MainVCCell.swift in Sources */,
				FCC99A1927DA1E1800B4EA6E /* UIView + LoadFromNib.swift in Sources */,
				FCFDFF5827DA424000488AEE /* Weather.swift in Sources */,
				FCC9B0E927D5373800EAA35C /* MainVC.swift in Sources */,
				FC0E552027D4D2AF00DA49FC /* AppDelegate.swift in Sources */,
				FCFDFF6127DB906A00488AEE /* String + Capitalize.swift in Sources */,
				FCC99A1D27DA269700B4EA6E /* UICollectionView + Cell.swift in Sources */,
				FCFDFF5D27DB712500488AEE /* WeatherNetworkService.swift in Sources */,
				FCC99A1F27DA330A00B4EA6E /* UIView + RoundCorners.swift in Sources */,
				FC0E552227D4D2AF00DA49FC /* SceneDelegate.swift in Sources */,
				FCFDFF5B27DA42E900488AEE /* UserLocationService.swift in Sources */,
				FCC99A1527DA1C3500B4EA6E /* TodayInfoCell.swift in Sources */,
				FCFDFF6327DB95A100488AEE /* ImageLoaderService.swift in Sources */,
				FCC99A1B27DA242700B4EA6E /* UITableView + Cell.swift in Sources */,
			);
			runOnlyForDeploymentPostprocessing = 0;
		};
/* End PBXSourcesBuildPhase section */

/* Begin PBXVariantGroup section */
		FC0E552D27D4D2B000DA49FC /* LaunchScreen.storyboard */ = {
			isa = PBXVariantGroup;
			children = (
				FC0E552E27D4D2B000DA49FC /* Base */,
			);
			name = LaunchScreen.storyboard;
			sourceTree = "<group>";
		};
/* End PBXVariantGroup section */

/* Begin XCBuildConfiguration section */
		FC0E553127D4D2B000DA49FC /* Debug */ = {
			isa = XCBuildConfiguration;
			buildSettings = {
				ALWAYS_SEARCH_USER_PATHS = NO;
				CLANG_ANALYZER_NONNULL = YES;
				CLANG_ANALYZER_NUMBER_OBJECT_CONVERSION = YES_AGGRESSIVE;
				CLANG_CXX_LANGUAGE_STANDARD = "gnu++17";
				CLANG_CXX_LIBRARY = "libc++";
				CLANG_ENABLE_MODULES = YES;
				CLANG_ENABLE_OBJC_ARC = YES;
				CLANG_ENABLE_OBJC_WEAK = YES;
				CLANG_WARN_BLOCK_CAPTURE_AUTORELEASING = YES;
				CLANG_WARN_BOOL_CONVERSION = YES;
				CLANG_WARN_COMMA = YES;
				CLANG_WARN_CONSTANT_CONVERSION = YES;
				CLANG_WARN_DEPRECATED_OBJC_IMPLEMENTATIONS = YES;
				CLANG_WARN_DIRECT_OBJC_ISA_USAGE = YES_ERROR;
				CLANG_WARN_DOCUMENTATION_COMMENTS = YES;
				CLANG_WARN_EMPTY_BODY = YES;
				CLANG_WARN_ENUM_CONVERSION = YES;
				CLANG_WARN_INFINITE_RECURSION = YES;
				CLANG_WARN_INT_CONVERSION = YES;
				CLANG_WARN_NON_LITERAL_NULL_CONVERSION = YES;
				CLANG_WARN_OBJC_IMPLICIT_RETAIN_SELF = YES;
				CLANG_WARN_OBJC_LITERAL_CONVERSION = YES;
				CLANG_WARN_OBJC_ROOT_CLASS = YES_ERROR;
				CLANG_WARN_QUOTED_INCLUDE_IN_FRAMEWORK_HEADER = YES;
				CLANG_WARN_RANGE_LOOP_ANALYSIS = YES;
				CLANG_WARN_STRICT_PROTOTYPES = YES;
				CLANG_WARN_SUSPICIOUS_MOVE = YES;
				CLANG_WARN_UNGUARDED_AVAILABILITY = YES_AGGRESSIVE;
				CLANG_WARN_UNREACHABLE_CODE = YES;
				CLANG_WARN__DUPLICATE_METHOD_MATCH = YES;
				COPY_PHASE_STRIP = NO;
				DEBUG_INFORMATION_FORMAT = dwarf;
				ENABLE_STRICT_OBJC_MSGSEND = YES;
				ENABLE_TESTABILITY = YES;
				GCC_C_LANGUAGE_STANDARD = gnu11;
				GCC_DYNAMIC_NO_PIC = NO;
				GCC_NO_COMMON_BLOCKS = YES;
				GCC_OPTIMIZATION_LEVEL = 0;
				GCC_PREPROCESSOR_DEFINITIONS = (
					"DEBUG=1",
					"$(inherited)",
				);
				GCC_WARN_64_TO_32_BIT_CONVERSION = YES;
				GCC_WARN_ABOUT_RETURN_TYPE = YES_ERROR;
				GCC_WARN_UNDECLARED_SELECTOR = YES;
				GCC_WARN_UNINITIALIZED_AUTOS = YES_AGGRESSIVE;
				GCC_WARN_UNUSED_FUNCTION = YES;
				GCC_WARN_UNUSED_VARIABLE = YES;
				IPHONEOS_DEPLOYMENT_TARGET = 15.2;
				MTL_ENABLE_DEBUG_INFO = INCLUDE_SOURCE;
				MTL_FAST_MATH = YES;
				ONLY_ACTIVE_ARCH = YES;
				SDKROOT = iphoneos;
				SWIFT_ACTIVE_COMPILATION_CONDITIONS = DEBUG;
				SWIFT_OPTIMIZATION_LEVEL = "-Onone";
			};
			name = Debug;
		};
		FC0E553227D4D2B000DA49FC /* Release */ = {
			isa = XCBuildConfiguration;
			buildSettings = {
				ALWAYS_SEARCH_USER_PATHS = NO;
				CLANG_ANALYZER_NONNULL = YES;
				CLANG_ANALYZER_NUMBER_OBJECT_CONVERSION = YES_AGGRESSIVE;
				CLANG_CXX_LANGUAGE_STANDARD = "gnu++17";
				CLANG_CXX_LIBRARY = "libc++";
				CLANG_ENABLE_MODULES = YES;
				CLANG_ENABLE_OBJC_ARC = YES;
				CLANG_ENABLE_OBJC_WEAK = YES;
				CLANG_WARN_BLOCK_CAPTURE_AUTORELEASING = YES;
				CLANG_WARN_BOOL_CONVERSION = YES;
				CLANG_WARN_COMMA = YES;
				CLANG_WARN_CONSTANT_CONVERSION = YES;
				CLANG_WARN_DEPRECATED_OBJC_IMPLEMENTATIONS = YES;
				CLANG_WARN_DIRECT_OBJC_ISA_USAGE = YES_ERROR;
				CLANG_WARN_DOCUMENTATION_COMMENTS = YES;
				CLANG_WARN_EMPTY_BODY = YES;
				CLANG_WARN_ENUM_CONVERSION = YES;
				CLANG_WARN_INFINITE_RECURSION = YES;
				CLANG_WARN_INT_CONVERSION = YES;
				CLANG_WARN_NON_LITERAL_NULL_CONVERSION = YES;
				CLANG_WARN_OBJC_IMPLICIT_RETAIN_SELF = YES;
				CLANG_WARN_OBJC_LITERAL_CONVERSION = YES;
				CLANG_WARN_OBJC_ROOT_CLASS = YES_ERROR;
				CLANG_WARN_QUOTED_INCLUDE_IN_FRAMEWORK_HEADER = YES;
				CLANG_WARN_RANGE_LOOP_ANALYSIS = YES;
				CLANG_WARN_STRICT_PROTOTYPES = YES;
				CLANG_WARN_SUSPICIOUS_MOVE = YES;
				CLANG_WARN_UNGUARDED_AVAILABILITY = YES_AGGRESSIVE;
				CLANG_WARN_UNREACHABLE_CODE = YES;
				CLANG_WARN__DUPLICATE_METHOD_MATCH = YES;
				COPY_PHASE_STRIP = NO;
				DEBUG_INFORMATION_FORMAT = "dwarf-with-dsym";
				ENABLE_NS_ASSERTIONS = NO;
				ENABLE_STRICT_OBJC_MSGSEND = YES;
				GCC_C_LANGUAGE_STANDARD = gnu11;
				GCC_NO_COMMON_BLOCKS = YES;
				GCC_WARN_64_TO_32_BIT_CONVERSION = YES;
				GCC_WARN_ABOUT_RETURN_TYPE = YES_ERROR;
				GCC_WARN_UNDECLARED_SELECTOR = YES;
				GCC_WARN_UNINITIALIZED_AUTOS = YES_AGGRESSIVE;
				GCC_WARN_UNUSED_FUNCTION = YES;
				GCC_WARN_UNUSED_VARIABLE = YES;
				IPHONEOS_DEPLOYMENT_TARGET = 15.2;
				MTL_ENABLE_DEBUG_INFO = NO;
				MTL_FAST_MATH = YES;
				SDKROOT = iphoneos;
				SWIFT_COMPILATION_MODE = wholemodule;
				SWIFT_OPTIMIZATION_LEVEL = "-O";
				VALIDATE_PRODUCT = YES;
			};
			name = Release;
		};
		FC0E553427D4D2B000DA49FC /* Debug */ = {
			isa = XCBuildConfiguration;
			baseConfigurationReference = C68521F234B4D78D27DCCE5B /* Pods-App.debug.xcconfig */;
			buildSettings = {
				ASSETCATALOG_COMPILER_APPICON_NAME = AppIcon;
				ASSETCATALOG_COMPILER_GLOBAL_ACCENT_COLOR_NAME = AccentColor;
				CODE_SIGN_STYLE = Automatic;
				CURRENT_PROJECT_VERSION = 1;
				DEVELOPMENT_TEAM = 8KR4469N72;
				GENERATE_INFOPLIST_FILE = YES;
				INFOPLIST_FILE = App/Info.plist;
				INFOPLIST_KEY_UIApplicationSupportsIndirectInputEvents = YES;
				INFOPLIST_KEY_UILaunchStoryboardName = LaunchScreen;
				INFOPLIST_KEY_UISupportedInterfaceOrientations_iPad = "UIInterfaceOrientationPortrait UIInterfaceOrientationPortraitUpsideDown UIInterfaceOrientationLandscapeLeft UIInterfaceOrientationLandscapeRight";
				INFOPLIST_KEY_UISupportedInterfaceOrientations_iPhone = "UIInterfaceOrientationPortrait UIInterfaceOrientationLandscapeLeft UIInterfaceOrientationLandscapeRight";
				LD_RUNPATH_SEARCH_PATHS = (
					"$(inherited)",
					"@executable_path/Frameworks",
				);
				MARKETING_VERSION = 1.0;
				PRODUCT_BUNDLE_IDENTIFIER = "K-VKO.App";
				PRODUCT_NAME = "$(TARGET_NAME)";
				SWIFT_EMIT_LOC_STRINGS = YES;
				SWIFT_VERSION = 5.0;
				TARGETED_DEVICE_FAMILY = "1,2";
			};
			name = Debug;
		};
		FC0E553527D4D2B000DA49FC /* Release */ = {
			isa = XCBuildConfiguration;
			baseConfigurationReference = 0D7645DCDBBB48F9183505F3 /* Pods-App.release.xcconfig */;
			buildSettings = {
				ASSETCATALOG_COMPILER_APPICON_NAME = AppIcon;
				ASSETCATALOG_COMPILER_GLOBAL_ACCENT_COLOR_NAME = AccentColor;
				CODE_SIGN_STYLE = Automatic;
				CURRENT_PROJECT_VERSION = 1;
				DEVELOPMENT_TEAM = 8KR4469N72;
				GENERATE_INFOPLIST_FILE = YES;
				INFOPLIST_FILE = App/Info.plist;
				INFOPLIST_KEY_UIApplicationSupportsIndirectInputEvents = YES;
				INFOPLIST_KEY_UILaunchStoryboardName = LaunchScreen;
				INFOPLIST_KEY_UISupportedInterfaceOrientations_iPad = "UIInterfaceOrientationPortrait UIInterfaceOrientationPortraitUpsideDown UIInterfaceOrientationLandscapeLeft UIInterfaceOrientationLandscapeRight";
				INFOPLIST_KEY_UISupportedInterfaceOrientations_iPhone = "UIInterfaceOrientationPortrait UIInterfaceOrientationLandscapeLeft UIInterfaceOrientationLandscapeRight";
				LD_RUNPATH_SEARCH_PATHS = (
					"$(inherited)",
					"@executable_path/Frameworks",
				);
				MARKETING_VERSION = 1.0;
				PRODUCT_BUNDLE_IDENTIFIER = "K-VKO.App";
				PRODUCT_NAME = "$(TARGET_NAME)";
				SWIFT_EMIT_LOC_STRINGS = YES;
				SWIFT_VERSION = 5.0;
				TARGETED_DEVICE_FAMILY = "1,2";
			};
			name = Release;
		};
/* End XCBuildConfiguration section */

/* Begin XCConfigurationList section */
		FC0E551727D4D2AF00DA49FC /* Build configuration list for PBXProject "App" */ = {
			isa = XCConfigurationList;
			buildConfigurations = (
				FC0E553127D4D2B000DA49FC /* Debug */,
				FC0E553227D4D2B000DA49FC /* Release */,
			);
			defaultConfigurationIsVisible = 0;
			defaultConfigurationName = Release;
		};
		FC0E553327D4D2B000DA49FC /* Build configuration list for PBXNativeTarget "App" */ = {
			isa = XCConfigurationList;
			buildConfigurations = (
				FC0E553427D4D2B000DA49FC /* Debug */,
				FC0E553527D4D2B000DA49FC /* Release */,
			);
			defaultConfigurationIsVisible = 0;
			defaultConfigurationName = Release;
		};
/* End XCConfigurationList section */

/* Begin XCVersionGroup section */
		FC0E552827D4D2AF00DA49FC /* App.xcdatamodeld */ = {
			isa = XCVersionGroup;
			children = (
				FC0E552927D4D2AF00DA49FC /* App.xcdatamodel */,
			);
			currentVersion = FC0E552927D4D2AF00DA49FC /* App.xcdatamodel */;
			path = App.xcdatamodeld;
			sourceTree = "<group>";
			versionGroupType = wrapper.xcdatamodel;
		};
/* End XCVersionGroup section */
	};
	rootObject = FC0E551427D4D2AF00DA49FC /* Project object */;
}
